// !$*UTF8*$!
{
	archiveVersion = 1;
	classes = {
	};
	objectVersion = 55;
	objects = {

/* Begin PBXBuildFile section */
		CA0B231627EB55BB0072E989 /* CircleTextImageView.swift in Sources */ = {isa = PBXBuildFile; fileRef = CA0B231527EB55BB0072E989 /* CircleTextImageView.swift */; };
		CA0B231927EB5AF10072E989 /* SampleListView.swift in Sources */ = {isa = PBXBuildFile; fileRef = CA0B231827EB5AF00072E989 /* SampleListView.swift */; };
		CA12889228475AF700433B55 /* User.swift in Sources */ = {isa = PBXBuildFile; fileRef = CA12889128475AF700433B55 /* User.swift */; };
		CA12889628475B4E00433B55 /* UserService.swift in Sources */ = {isa = PBXBuildFile; fileRef = CA12889528475B4E00433B55 /* UserService.swift */; };
		CA12889A28475D7F00433B55 /* Logging+AFError.swift in Sources */ = {isa = PBXBuildFile; fileRef = CA12889928475D7F00433B55 /* Logging+AFError.swift */; };
		CA12889D28475E3A00433B55 /* Logging in Frameworks */ = {isa = PBXBuildFile; productRef = CA12889C28475E3A00433B55 /* Logging */; };
		CA12889F2847601800433B55 /* UserViewModel.swift in Sources */ = {isa = PBXBuildFile; fileRef = CA12889E2847601800433B55 /* UserViewModel.swift */; };
		CA1288A1284761A100433B55 /* UserView.swift in Sources */ = {isa = PBXBuildFile; fileRef = CA1288A0284761A100433B55 /* UserView.swift */; };
		CA1798C727EDE09300962C89 /* NavigationUsers.swift in Sources */ = {isa = PBXBuildFile; fileRef = CA1798C627EDE09300962C89 /* NavigationUsers.swift */; };
		CA1798C927EDE0A500962C89 /* NavigationUserModel.swift in Sources */ = {isa = PBXBuildFile; fileRef = CA1798C827EDE0A500962C89 /* NavigationUserModel.swift */; };
		CA1798CC27EDE55200962C89 /* UserViewDetail.swift in Sources */ = {isa = PBXBuildFile; fileRef = CA1798CB27EDE55200962C89 /* UserViewDetail.swift */; };
		CA2C2466283B79F40023D19A /* RandomFoxViewComponents.swift in Sources */ = {isa = PBXBuildFile; fileRef = CA2C2465283B79F40023D19A /* RandomFoxViewComponents.swift */; };
		CA318FB227ECA37000562CAE /* ModelListView.swift in Sources */ = {isa = PBXBuildFile; fileRef = CA318FB127ECA37000562CAE /* ModelListView.swift */; };
		CA318FB427ECA39B00562CAE /* TweetModel.swift in Sources */ = {isa = PBXBuildFile; fileRef = CA318FB327ECA39B00562CAE /* TweetModel.swift */; };
		CA36C25327EA0A21006A3515 /* SomeTestView.swift in Sources */ = {isa = PBXBuildFile; fileRef = CA36C25227EA0A21006A3515 /* SomeTestView.swift */; };
		CA36C25427EA1170006A3515 /* ContentView.swift in Sources */ = {isa = PBXBuildFile; fileRef = CA57A2D227E4BA26003A87D2 /* ContentView.swift */; };
		CA57A2D127E4BA26003A87D2 /* SwiiftUITutorialsApp.swift in Sources */ = {isa = PBXBuildFile; fileRef = CA57A2D027E4BA26003A87D2 /* SwiiftUITutorialsApp.swift */; };
		CA57A2D527E4BA28003A87D2 /* Assets.xcassets in Resources */ = {isa = PBXBuildFile; fileRef = CA57A2D427E4BA28003A87D2 /* Assets.xcassets */; };
		CA57A2D827E4BA28003A87D2 /* Preview Assets.xcassets in Resources */ = {isa = PBXBuildFile; fileRef = CA57A2D727E4BA28003A87D2 /* Preview Assets.xcassets */; };
		CAB329A2283B66F200A1C1B9 /* RandomFoxView.swift in Sources */ = {isa = PBXBuildFile; fileRef = CAB329A1283B66F200A1C1B9 /* RandomFoxView.swift */; };
		CAB329A4283B69CB00A1C1B9 /* FoxModel.swift in Sources */ = {isa = PBXBuildFile; fileRef = CAB329A3283B69CB00A1C1B9 /* FoxModel.swift */; };
		CAB329A6283B6A4400A1C1B9 /* FoxService.swift in Sources */ = {isa = PBXBuildFile; fileRef = CAB329A5283B6A4400A1C1B9 /* FoxService.swift */; };
		CAB329A9283B6AF500A1C1B9 /* Alamofire in Frameworks */ = {isa = PBXBuildFile; productRef = CAB329A8283B6AF500A1C1B9 /* Alamofire */; };
		CAB329AB283B6EAA00A1C1B9 /* FoxViewModel.swift in Sources */ = {isa = PBXBuildFile; fileRef = CAB329AA283B6EAA00A1C1B9 /* FoxViewModel.swift */; };
		CAB329AE283B71A700A1C1B9 /* ActivityIndicatorView in Frameworks */ = {isa = PBXBuildFile; productRef = CAB329AD283B71A700A1C1B9 /* ActivityIndicatorView */; };
		CABA263827FB23EE001A1788 /* CustomTabView.swift in Sources */ = {isa = PBXBuildFile; fileRef = CABA263727FB23EE001A1788 /* CustomTabView.swift */; };
		CABA263A27FB3B24001A1788 /* CustomTabIndex.swift in Sources */ = {isa = PBXBuildFile; fileRef = CABA263927FB3B24001A1788 /* CustomTabIndex.swift */; };
		CADFA07227FC7A2B005702C4 /* EnvironmentView.swift in Sources */ = {isa = PBXBuildFile; fileRef = CADFA07127FC7A2B005702C4 /* EnvironmentView.swift */; };
		CADFA07427FC7AF7005702C4 /* SpacerConstant.swift in Sources */ = {isa = PBXBuildFile; fileRef = CADFA07327FC7AF7005702C4 /* SpacerConstant.swift */; };
		CAE9B22927EB511200FE0DAD /* Kingfisher in Frameworks */ = {isa = PBXBuildFile; productRef = CAE9B22827EB511200FE0DAD /* Kingfisher */; };
		CAF16FC127ECAEF000B5D3B4 /* TweetCard.swift in Sources */ = {isa = PBXBuildFile; fileRef = CAF16FC027ECAEEF00B5D3B4 /* TweetCard.swift */; };
		CAF6CB4E27FC8494009990C8 /* DateControlView.swift in Sources */ = {isa = PBXBuildFile; fileRef = CAF6CB4D27FC8494009990C8 /* DateControlView.swift */; };
/* End PBXBuildFile section */

/* Begin PBXFileReference section */
		CA0B231527EB55BB0072E989 /* CircleTextImageView.swift */ = {isa = PBXFileReference; lastKnownFileType = sourcecode.swift; path = CircleTextImageView.swift; sourceTree = "<group>"; };
		CA0B231827EB5AF00072E989 /* SampleListView.swift */ = {isa = PBXFileReference; lastKnownFileType = sourcecode.swift; path = SampleListView.swift; sourceTree = "<group>"; };
		CA12889128475AF700433B55 /* User.swift */ = {isa = PBXFileReference; lastKnownFileType = sourcecode.swift; path = User.swift; sourceTree = "<group>"; };
		CA12889528475B4E00433B55 /* UserService.swift */ = {isa = PBXFileReference; lastKnownFileType = sourcecode.swift; path = UserService.swift; sourceTree = "<group>"; };
		CA12889928475D7F00433B55 /* Logging+AFError.swift */ = {isa = PBXFileReference; lastKnownFileType = sourcecode.swift; path = "Logging+AFError.swift"; sourceTree = "<group>"; };
		CA12889E2847601800433B55 /* UserViewModel.swift */ = {isa = PBXFileReference; lastKnownFileType = sourcecode.swift; path = UserViewModel.swift; sourceTree = "<group>"; };
		CA1288A0284761A100433B55 /* UserView.swift */ = {isa = PBXFileReference; lastKnownFileType = sourcecode.swift; path = UserView.swift; sourceTree = "<group>"; };
		CA1798C627EDE09300962C89 /* NavigationUsers.swift */ = {isa = PBXFileReference; lastKnownFileType = sourcecode.swift; path = NavigationUsers.swift; sourceTree = "<group>"; };
		CA1798C827EDE0A500962C89 /* NavigationUserModel.swift */ = {isa = PBXFileReference; lastKnownFileType = sourcecode.swift; path = NavigationUserModel.swift; sourceTree = "<group>"; };
		CA1798CB27EDE55200962C89 /* UserViewDetail.swift */ = {isa = PBXFileReference; lastKnownFileType = sourcecode.swift; path = UserViewDetail.swift; sourceTree = "<group>"; };
		CA2C2465283B79F40023D19A /* RandomFoxViewComponents.swift */ = {isa = PBXFileReference; lastKnownFileType = sourcecode.swift; path = RandomFoxViewComponents.swift; sourceTree = "<group>"; };
		CA318FB127ECA37000562CAE /* ModelListView.swift */ = {isa = PBXFileReference; lastKnownFileType = sourcecode.swift; path = ModelListView.swift; sourceTree = "<group>"; };
		CA318FB327ECA39B00562CAE /* TweetModel.swift */ = {isa = PBXFileReference; lastKnownFileType = sourcecode.swift; path = TweetModel.swift; sourceTree = "<group>"; };
		CA36C25227EA0A21006A3515 /* SomeTestView.swift */ = {isa = PBXFileReference; lastKnownFileType = sourcecode.swift; path = SomeTestView.swift; sourceTree = "<group>"; };
		CA57A2CD27E4BA26003A87D2 /* SwiiftUITutorials.app */ = {isa = PBXFileReference; explicitFileType = wrapper.application; includeInIndex = 0; path = SwiiftUITutorials.app; sourceTree = BUILT_PRODUCTS_DIR; };
		CA57A2D027E4BA26003A87D2 /* SwiiftUITutorialsApp.swift */ = {isa = PBXFileReference; lastKnownFileType = sourcecode.swift; path = SwiiftUITutorialsApp.swift; sourceTree = "<group>"; };
		CA57A2D227E4BA26003A87D2 /* ContentView.swift */ = {isa = PBXFileReference; lastKnownFileType = sourcecode.swift; path = ContentView.swift; sourceTree = "<group>"; };
		CA57A2D427E4BA28003A87D2 /* Assets.xcassets */ = {isa = PBXFileReference; lastKnownFileType = folder.assetcatalog; path = Assets.xcassets; sourceTree = "<group>"; };
		CA57A2D727E4BA28003A87D2 /* Preview Assets.xcassets */ = {isa = PBXFileReference; lastKnownFileType = folder.assetcatalog; path = "Preview Assets.xcassets"; sourceTree = "<group>"; };
		CAB329A1283B66F200A1C1B9 /* RandomFoxView.swift */ = {isa = PBXFileReference; lastKnownFileType = sourcecode.swift; path = RandomFoxView.swift; sourceTree = "<group>"; };
		CAB329A3283B69CB00A1C1B9 /* FoxModel.swift */ = {isa = PBXFileReference; lastKnownFileType = sourcecode.swift; path = FoxModel.swift; sourceTree = "<group>"; };
		CAB329A5283B6A4400A1C1B9 /* FoxService.swift */ = {isa = PBXFileReference; lastKnownFileType = sourcecode.swift; path = FoxService.swift; sourceTree = "<group>"; };
		CAB329AA283B6EAA00A1C1B9 /* FoxViewModel.swift */ = {isa = PBXFileReference; lastKnownFileType = sourcecode.swift; path = FoxViewModel.swift; sourceTree = "<group>"; };
		CABA263727FB23EE001A1788 /* CustomTabView.swift */ = {isa = PBXFileReference; lastKnownFileType = sourcecode.swift; path = CustomTabView.swift; sourceTree = "<group>"; };
		CABA263927FB3B24001A1788 /* CustomTabIndex.swift */ = {isa = PBXFileReference; lastKnownFileType = sourcecode.swift; path = CustomTabIndex.swift; sourceTree = "<group>"; };
		CADFA07127FC7A2B005702C4 /* EnvironmentView.swift */ = {isa = PBXFileReference; lastKnownFileType = sourcecode.swift; path = EnvironmentView.swift; sourceTree = "<group>"; };
		CADFA07327FC7AF7005702C4 /* SpacerConstant.swift */ = {isa = PBXFileReference; lastKnownFileType = sourcecode.swift; path = SpacerConstant.swift; sourceTree = "<group>"; };
		CAF16FC027ECAEEF00B5D3B4 /* TweetCard.swift */ = {isa = PBXFileReference; lastKnownFileType = sourcecode.swift; path = TweetCard.swift; sourceTree = "<group>"; };
		CAF6CB4D27FC8494009990C8 /* DateControlView.swift */ = {isa = PBXFileReference; lastKnownFileType = sourcecode.swift; path = DateControlView.swift; sourceTree = "<group>"; };
/* End PBXFileReference section */

/* Begin PBXFrameworksBuildPhase section */
		CA57A2CA27E4BA26003A87D2 /* Frameworks */ = {
			isa = PBXFrameworksBuildPhase;
			buildActionMask = 2147483647;
			files = (
				CAE9B22927EB511200FE0DAD /* Kingfisher in Frameworks */,
				CAB329AE283B71A700A1C1B9 /* ActivityIndicatorView in Frameworks */,
				CA12889D28475E3A00433B55 /* Logging in Frameworks */,
				CAB329A9283B6AF500A1C1B9 /* Alamofire in Frameworks */,
			);
			runOnlyForDeploymentPostprocessing = 0;
		};
/* End PBXFrameworksBuildPhase section */

/* Begin PBXGroup section */
		CA0B231727EB5ADC0072E989 /* Features */ = {
			isa = PBXGroup;
			children = (
				CA12888D2847592700433B55 /* ReqresViewModel */,
				CAB3299C283B666500A1C1B9 /* FoxViewModel */,
				CADFA07027FC7A03005702C4 /* Environment */,
				CABA263627FB23DB001A1788 /* CustomTabView */,
				CA1798C527EDE07200962C89 /* Navigation */,
				CA318FB027ECA32F00562CAE /* ModelList */,
				CA0B231827EB5AF00072E989 /* SampleListView.swift */,
			);
			path = Features;
			sourceTree = "<group>";
		};
		CA12888D2847592700433B55 /* ReqresViewModel */ = {
			isa = PBXGroup;
			children = (
				CA12889328475B3A00433B55 /* Service */,
				CA12889028475AEA00433B55 /* View */,
				CA12888F28475AE500433B55 /* Model */,
				CA12888E2847594E00433B55 /* ViewModel */,
			);
			path = ReqresViewModel;
			sourceTree = "<group>";
		};
		CA12888E2847594E00433B55 /* ViewModel */ = {
			isa = PBXGroup;
			children = (
				CA12889E2847601800433B55 /* UserViewModel.swift */,
			);
			path = ViewModel;
			sourceTree = "<group>";
		};
		CA12888F28475AE500433B55 /* Model */ = {
			isa = PBXGroup;
			children = (
				CA12889128475AF700433B55 /* User.swift */,
			);
			path = Model;
			sourceTree = "<group>";
		};
		CA12889028475AEA00433B55 /* View */ = {
			isa = PBXGroup;
			children = (
				CA1288A0284761A100433B55 /* UserView.swift */,
			);
			path = View;
			sourceTree = "<group>";
		};
		CA12889328475B3A00433B55 /* Service */ = {
			isa = PBXGroup;
			children = (
				CA12889528475B4E00433B55 /* UserService.swift */,
			);
			path = Service;
			sourceTree = "<group>";
		};
		CA12889728475D5D00433B55 /* Core */ = {
			isa = PBXGroup;
			children = (
				CA12889828475D6300433B55 /* Extension */,
			);
			path = Core;
			sourceTree = "<group>";
		};
		CA12889828475D6300433B55 /* Extension */ = {
			isa = PBXGroup;
			children = (
				CA12889928475D7F00433B55 /* Logging+AFError.swift */,
			);
			path = Extension;
			sourceTree = "<group>";
		};
		CA1798C527EDE07200962C89 /* Navigation */ = {
			isa = PBXGroup;
			children = (
				CA1798C627EDE09300962C89 /* NavigationUsers.swift */,
				CA1798C827EDE0A500962C89 /* NavigationUserModel.swift */,
				CA1798CB27EDE55200962C89 /* UserViewDetail.swift */,
			);
			path = Navigation;
			sourceTree = "<group>";
		};
		CA2C2464283B79D70023D19A /* components */ = {
			isa = PBXGroup;
			children = (
				CA2C2465283B79F40023D19A /* RandomFoxViewComponents.swift */,
			);
			path = components;
			sourceTree = "<group>";
		};
		CA318FB027ECA32F00562CAE /* ModelList */ = {
			isa = PBXGroup;
			children = (
				CA318FB127ECA37000562CAE /* ModelListView.swift */,
				CA318FB327ECA39B00562CAE /* TweetModel.swift */,
				CAF16FC027ECAEEF00B5D3B4 /* TweetCard.swift */,
			);
			path = ModelList;
			sourceTree = "<group>";
		};
		CA57A2C427E4BA26003A87D2 = {
			isa = PBXGroup;
			children = (
				CA57A2CF27E4BA26003A87D2 /* SwiiftUITutorials */,
				CA57A2CE27E4BA26003A87D2 /* Products */,
			);
			sourceTree = "<group>";
		};
		CA57A2CE27E4BA26003A87D2 /* Products */ = {
			isa = PBXGroup;
			children = (
				CA57A2CD27E4BA26003A87D2 /* SwiiftUITutorials.app */,
			);
			name = Products;
			sourceTree = "<group>";
		};
		CA57A2CF27E4BA26003A87D2 /* SwiiftUITutorials */ = {
			isa = PBXGroup;
			children = (
				CA12889728475D5D00433B55 /* Core */,
				CA0B231727EB5ADC0072E989 /* Features */,
				CAE9B22A27EB54D200FE0DAD /* View */,
				CA57A2D027E4BA26003A87D2 /* SwiiftUITutorialsApp.swift */,
				CA36C25227EA0A21006A3515 /* SomeTestView.swift */,
				CA57A2D227E4BA26003A87D2 /* ContentView.swift */,
				CA57A2D427E4BA28003A87D2 /* Assets.xcassets */,
				CA57A2D627E4BA28003A87D2 /* Preview Content */,
			);
			path = SwiiftUITutorials;
			sourceTree = "<group>";
		};
		CA57A2D627E4BA28003A87D2 /* Preview Content */ = {
			isa = PBXGroup;
			children = (
				CA57A2D727E4BA28003A87D2 /* Preview Assets.xcassets */,
			);
			path = "Preview Content";
			sourceTree = "<group>";
		};
		CAB3299C283B666500A1C1B9 /* FoxViewModel */ = {
			isa = PBXGroup;
			children = (
				CAB329A0283B66A400A1C1B9 /* Model */,
				CAB3299F283B669900A1C1B9 /* Service */,
				CAB3299E283B669100A1C1B9 /* ViewModel */,
				CAB3299D283B668500A1C1B9 /* View */,
			);
			path = FoxViewModel;
			sourceTree = "<group>";
		};
		CAB3299D283B668500A1C1B9 /* View */ = {
			isa = PBXGroup;
			children = (
				CA2C2464283B79D70023D19A /* components */,
				CAB329A1283B66F200A1C1B9 /* RandomFoxView.swift */,
			);
			path = View;
			sourceTree = "<group>";
		};
		CAB3299E283B669100A1C1B9 /* ViewModel */ = {
			isa = PBXGroup;
			children = (
				CAB329AA283B6EAA00A1C1B9 /* FoxViewModel.swift */,
			);
			path = ViewModel;
			sourceTree = "<group>";
		};
		CAB3299F283B669900A1C1B9 /* Service */ = {
			isa = PBXGroup;
			children = (
				CAB329A5283B6A4400A1C1B9 /* FoxService.swift */,
			);
			path = Service;
			sourceTree = "<group>";
		};
		CAB329A0283B66A400A1C1B9 /* Model */ = {
			isa = PBXGroup;
			children = (
				CAB329A3283B69CB00A1C1B9 /* FoxModel.swift */,
			);
			path = Model;
			sourceTree = "<group>";
		};
		CABA263627FB23DB001A1788 /* CustomTabView */ = {
			isa = PBXGroup;
			children = (
				CABA263727FB23EE001A1788 /* CustomTabView.swift */,
				CABA263927FB3B24001A1788 /* CustomTabIndex.swift */,
			);
			path = CustomTabView;
			sourceTree = "<group>";
		};
		CADFA07027FC7A03005702C4 /* Environment */ = {
			isa = PBXGroup;
			children = (
				CADFA07127FC7A2B005702C4 /* EnvironmentView.swift */,
				CADFA07327FC7AF7005702C4 /* SpacerConstant.swift */,
				CAF6CB4D27FC8494009990C8 /* DateControlView.swift */,
			);
			path = Environment;
			sourceTree = "<group>";
		};
		CAE9B22A27EB54D200FE0DAD /* View */ = {
			isa = PBXGroup;
			children = (
				CAE9B22B27EB54DE00FE0DAD /* Circle */,
			);
			path = View;
			sourceTree = "<group>";
		};
		CAE9B22B27EB54DE00FE0DAD /* Circle */ = {
			isa = PBXGroup;
			children = (
				CA0B231527EB55BB0072E989 /* CircleTextImageView.swift */,
			);
			path = Circle;
			sourceTree = "<group>";
		};
/* End PBXGroup section */

/* Begin PBXNativeTarget section */
		CA57A2CC27E4BA26003A87D2 /* SwiiftUITutorials */ = {
			isa = PBXNativeTarget;
			buildConfigurationList = CA57A2DB27E4BA28003A87D2 /* Build configuration list for PBXNativeTarget "SwiiftUITutorials" */;
			buildPhases = (
				CA57A2C927E4BA26003A87D2 /* Sources */,
				CA57A2CA27E4BA26003A87D2 /* Frameworks */,
				CA57A2CB27E4BA26003A87D2 /* Resources */,
			);
			buildRules = (
			);
			dependencies = (
			);
			name = SwiiftUITutorials;
			packageProductDependencies = (
				CAE9B22827EB511200FE0DAD /* Kingfisher */,
				CAB329A8283B6AF500A1C1B9 /* Alamofire */,
				CAB329AD283B71A700A1C1B9 /* ActivityIndicatorView */,
				CA12889C28475E3A00433B55 /* Logging */,
			);
			productName = SwiiftUITutorials;
			productReference = CA57A2CD27E4BA26003A87D2 /* SwiiftUITutorials.app */;
			productType = "com.apple.product-type.application";
		};
/* End PBXNativeTarget section */

/* Begin PBXProject section */
		CA57A2C527E4BA26003A87D2 /* Project object */ = {
			isa = PBXProject;
			attributes = {
				BuildIndependentTargetsInParallel = 1;
				LastSwiftUpdateCheck = 1310;
				LastUpgradeCheck = 1310;
				TargetAttributes = {
					CA57A2CC27E4BA26003A87D2 = {
						CreatedOnToolsVersion = 13.1;
					};
				};
			};
			buildConfigurationList = CA57A2C827E4BA26003A87D2 /* Build configuration list for PBXProject "SwiiftUITutorials" */;
			compatibilityVersion = "Xcode 13.0";
			developmentRegion = en;
			hasScannedForEncodings = 0;
			knownRegions = (
				en,
				Base,
			);
			mainGroup = CA57A2C427E4BA26003A87D2;
			packageReferences = (
				CAE9B22727EB511200FE0DAD /* XCRemoteSwiftPackageReference "Kingfisher" */,
				CAB329A7283B6AF500A1C1B9 /* XCRemoteSwiftPackageReference "Alamofire" */,
				CAB329AC283B71A700A1C1B9 /* XCRemoteSwiftPackageReference "ActivityIndicatorView" */,
				CA12889B28475E3A00433B55 /* XCRemoteSwiftPackageReference "swift-log" */,
			);
			productRefGroup = CA57A2CE27E4BA26003A87D2 /* Products */;
			projectDirPath = "";
			projectRoot = "";
			targets = (
				CA57A2CC27E4BA26003A87D2 /* SwiiftUITutorials */,
			);
		};
/* End PBXProject section */

/* Begin PBXResourcesBuildPhase section */
		CA57A2CB27E4BA26003A87D2 /* Resources */ = {
			isa = PBXResourcesBuildPhase;
			buildActionMask = 2147483647;
			files = (
				CA57A2D827E4BA28003A87D2 /* Preview Assets.xcassets in Resources */,
				CA57A2D527E4BA28003A87D2 /* Assets.xcassets in Resources */,
			);
			runOnlyForDeploymentPostprocessing = 0;
		};
/* End PBXResourcesBuildPhase section */

/* Begin PBXSourcesBuildPhase section */
		CA57A2C927E4BA26003A87D2 /* Sources */ = {
			isa = PBXSourcesBuildPhase;
			buildActionMask = 2147483647;
			files = (
				CA36C25327EA0A21006A3515 /* SomeTestView.swift in Sources */,
				CAB329A4283B69CB00A1C1B9 /* FoxModel.swift in Sources */,
				CAB329AB283B6EAA00A1C1B9 /* FoxViewModel.swift in Sources */,
				CA12889A28475D7F00433B55 /* Logging+AFError.swift in Sources */,
				CAF16FC127ECAEF000B5D3B4 /* TweetCard.swift in Sources */,
				CADFA07227FC7A2B005702C4 /* EnvironmentView.swift in Sources */,
				CADFA07427FC7AF7005702C4 /* SpacerConstant.swift in Sources */,
				CA0B231627EB55BB0072E989 /* CircleTextImageView.swift in Sources */,
				CA12889628475B4E00433B55 /* UserService.swift in Sources */,
				CABA263A27FB3B24001A1788 /* CustomTabIndex.swift in Sources */,
				CAB329A2283B66F200A1C1B9 /* RandomFoxView.swift in Sources */,
				CABA263827FB23EE001A1788 /* CustomTabView.swift in Sources */,
				CA12889228475AF700433B55 /* User.swift in Sources */,
				CAB329A6283B6A4400A1C1B9 /* FoxService.swift in Sources */,
				CA318FB427ECA39B00562CAE /* TweetModel.swift in Sources */,
				CA1798C927EDE0A500962C89 /* NavigationUserModel.swift in Sources */,
				CA57A2D127E4BA26003A87D2 /* SwiiftUITutorialsApp.swift in Sources */,
				CAF6CB4E27FC8494009990C8 /* DateControlView.swift in Sources */,
				CA0B231927EB5AF10072E989 /* SampleListView.swift in Sources */,
				CA1798C727EDE09300962C89 /* NavigationUsers.swift in Sources */,
				CA2C2466283B79F40023D19A /* RandomFoxViewComponents.swift in Sources */,
				CA318FB227ECA37000562CAE /* ModelListView.swift in Sources */,
				CA1798CC27EDE55200962C89 /* UserViewDetail.swift in Sources */,
				CA1288A1284761A100433B55 /* UserView.swift in Sources */,
				CA12889F2847601800433B55 /* UserViewModel.swift in Sources */,
				CA36C25427EA1170006A3515 /* ContentView.swift in Sources */,
			);
			runOnlyForDeploymentPostprocessing = 0;
		};
/* End PBXSourcesBuildPhase section */

/* Begin XCBuildConfiguration section */
		CA57A2D927E4BA28003A87D2 /* Debug */ = {
			isa = XCBuildConfiguration;
			buildSettings = {
				ALWAYS_SEARCH_USER_PATHS = NO;
				CLANG_ANALYZER_NONNULL = YES;
				CLANG_ANALYZER_NUMBER_OBJECT_CONVERSION = YES_AGGRESSIVE;
				CLANG_CXX_LANGUAGE_STANDARD = "gnu++17";
				CLANG_CXX_LIBRARY = "libc++";
				CLANG_ENABLE_MODULES = YES;
				CLANG_ENABLE_OBJC_ARC = YES;
				CLANG_ENABLE_OBJC_WEAK = YES;
				CLANG_WARN_BLOCK_CAPTURE_AUTORELEASING = YES;
				CLANG_WARN_BOOL_CONVERSION = YES;
				CLANG_WARN_COMMA = YES;
				CLANG_WARN_CONSTANT_CONVERSION = YES;
				CLANG_WARN_DEPRECATED_OBJC_IMPLEMENTATIONS = YES;
				CLANG_WARN_DIRECT_OBJC_ISA_USAGE = YES_ERROR;
				CLANG_WARN_DOCUMENTATION_COMMENTS = YES;
				CLANG_WARN_EMPTY_BODY = YES;
				CLANG_WARN_ENUM_CONVERSION = YES;
				CLANG_WARN_INFINITE_RECURSION = YES;
				CLANG_WARN_INT_CONVERSION = YES;
				CLANG_WARN_NON_LITERAL_NULL_CONVERSION = YES;
				CLANG_WARN_OBJC_IMPLICIT_RETAIN_SELF = YES;
				CLANG_WARN_OBJC_LITERAL_CONVERSION = YES;
				CLANG_WARN_OBJC_ROOT_CLASS = YES_ERROR;
				CLANG_WARN_QUOTED_INCLUDE_IN_FRAMEWORK_HEADER = YES;
				CLANG_WARN_RANGE_LOOP_ANALYSIS = YES;
				CLANG_WARN_STRICT_PROTOTYPES = YES;
				CLANG_WARN_SUSPICIOUS_MOVE = YES;
				CLANG_WARN_UNGUARDED_AVAILABILITY = YES_AGGRESSIVE;
				CLANG_WARN_UNREACHABLE_CODE = YES;
				CLANG_WARN__DUPLICATE_METHOD_MATCH = YES;
				COPY_PHASE_STRIP = NO;
				DEBUG_INFORMATION_FORMAT = dwarf;
				ENABLE_STRICT_OBJC_MSGSEND = YES;
				ENABLE_TESTABILITY = YES;
				GCC_C_LANGUAGE_STANDARD = gnu11;
				GCC_DYNAMIC_NO_PIC = NO;
				GCC_NO_COMMON_BLOCKS = YES;
				GCC_OPTIMIZATION_LEVEL = 0;
				GCC_PREPROCESSOR_DEFINITIONS = (
					"DEBUG=1",
					"$(inherited)",
				);
				GCC_WARN_64_TO_32_BIT_CONVERSION = YES;
				GCC_WARN_ABOUT_RETURN_TYPE = YES_ERROR;
				GCC_WARN_UNDECLARED_SELECTOR = YES;
				GCC_WARN_UNINITIALIZED_AUTOS = YES_AGGRESSIVE;
				GCC_WARN_UNUSED_FUNCTION = YES;
				GCC_WARN_UNUSED_VARIABLE = YES;
				IPHONEOS_DEPLOYMENT_TARGET = 15.0;
				MTL_ENABLE_DEBUG_INFO = INCLUDE_SOURCE;
				MTL_FAST_MATH = YES;
				ONLY_ACTIVE_ARCH = YES;
				SDKROOT = iphoneos;
				SWIFT_ACTIVE_COMPILATION_CONDITIONS = DEBUG;
				SWIFT_OPTIMIZATION_LEVEL = "-Onone";
			};
			name = Debug;
		};
		CA57A2DA27E4BA28003A87D2 /* Release */ = {
			isa = XCBuildConfiguration;
			buildSettings = {
				ALWAYS_SEARCH_USER_PATHS = NO;
				CLANG_ANALYZER_NONNULL = YES;
				CLANG_ANALYZER_NUMBER_OBJECT_CONVERSION = YES_AGGRESSIVE;
				CLANG_CXX_LANGUAGE_STANDARD = "gnu++17";
				CLANG_CXX_LIBRARY = "libc++";
				CLANG_ENABLE_MODULES = YES;
				CLANG_ENABLE_OBJC_ARC = YES;
				CLANG_ENABLE_OBJC_WEAK = YES;
				CLANG_WARN_BLOCK_CAPTURE_AUTORELEASING = YES;
				CLANG_WARN_BOOL_CONVERSION = YES;
				CLANG_WARN_COMMA = YES;
				CLANG_WARN_CONSTANT_CONVERSION = YES;
				CLANG_WARN_DEPRECATED_OBJC_IMPLEMENTATIONS = YES;
				CLANG_WARN_DIRECT_OBJC_ISA_USAGE = YES_ERROR;
				CLANG_WARN_DOCUMENTATION_COMMENTS = YES;
				CLANG_WARN_EMPTY_BODY = YES;
				CLANG_WARN_ENUM_CONVERSION = YES;
				CLANG_WARN_INFINITE_RECURSION = YES;
				CLANG_WARN_INT_CONVERSION = YES;
				CLANG_WARN_NON_LITERAL_NULL_CONVERSION = YES;
				CLANG_WARN_OBJC_IMPLICIT_RETAIN_SELF = YES;
				CLANG_WARN_OBJC_LITERAL_CONVERSION = YES;
				CLANG_WARN_OBJC_ROOT_CLASS = YES_ERROR;
				CLANG_WARN_QUOTED_INCLUDE_IN_FRAMEWORK_HEADER = YES;
				CLANG_WARN_RANGE_LOOP_ANALYSIS = YES;
				CLANG_WARN_STRICT_PROTOTYPES = YES;
				CLANG_WARN_SUSPICIOUS_MOVE = YES;
				CLANG_WARN_UNGUARDED_AVAILABILITY = YES_AGGRESSIVE;
				CLANG_WARN_UNREACHABLE_CODE = YES;
				CLANG_WARN__DUPLICATE_METHOD_MATCH = YES;
				COPY_PHASE_STRIP = NO;
				DEBUG_INFORMATION_FORMAT = "dwarf-with-dsym";
				ENABLE_NS_ASSERTIONS = NO;
				ENABLE_STRICT_OBJC_MSGSEND = YES;
				GCC_C_LANGUAGE_STANDARD = gnu11;
				GCC_NO_COMMON_BLOCKS = YES;
				GCC_WARN_64_TO_32_BIT_CONVERSION = YES;
				GCC_WARN_ABOUT_RETURN_TYPE = YES_ERROR;
				GCC_WARN_UNDECLARED_SELECTOR = YES;
				GCC_WARN_UNINITIALIZED_AUTOS = YES_AGGRESSIVE;
				GCC_WARN_UNUSED_FUNCTION = YES;
				GCC_WARN_UNUSED_VARIABLE = YES;
				IPHONEOS_DEPLOYMENT_TARGET = 15.0;
				MTL_ENABLE_DEBUG_INFO = NO;
				MTL_FAST_MATH = YES;
				SDKROOT = iphoneos;
				SWIFT_COMPILATION_MODE = wholemodule;
				SWIFT_OPTIMIZATION_LEVEL = "-O";
				VALIDATE_PRODUCT = YES;
			};
			name = Release;
		};
		CA57A2DC27E4BA28003A87D2 /* Debug */ = {
			isa = XCBuildConfiguration;
			buildSettings = {
				ASSETCATALOG_COMPILER_APPICON_NAME = AppIcon;
				ASSETCATALOG_COMPILER_GLOBAL_ACCENT_COLOR_NAME = AccentColor;
				CODE_SIGN_STYLE = Automatic;
				CURRENT_PROJECT_VERSION = 1;
				DEVELOPMENT_ASSET_PATHS = "\"SwiiftUITutorials/Preview Content\"";
				DEVELOPMENT_TEAM = 35GDF55MYT;
				ENABLE_PREVIEWS = YES;
				GENERATE_INFOPLIST_FILE = YES;
				INFOPLIST_KEY_UIApplicationSceneManifest_Generation = YES;
				INFOPLIST_KEY_UIApplicationSupportsIndirectInputEvents = YES;
				INFOPLIST_KEY_UILaunchScreen_Generation = YES;
				INFOPLIST_KEY_UISupportedInterfaceOrientations_iPad = "UIInterfaceOrientationPortrait UIInterfaceOrientationPortraitUpsideDown UIInterfaceOrientationLandscapeLeft UIInterfaceOrientationLandscapeRight";
				INFOPLIST_KEY_UISupportedInterfaceOrientations_iPhone = "UIInterfaceOrientationPortrait UIInterfaceOrientationLandscapeLeft UIInterfaceOrientationLandscapeRight";
				LD_RUNPATH_SEARCH_PATHS = (
					"$(inherited)",
					"@executable_path/Frameworks",
				);
				MARKETING_VERSION = 1.0;
				PRODUCT_BUNDLE_IDENTIFIER = com.alirizareisoglu.SwiiftUITutorials;
				PRODUCT_NAME = "$(TARGET_NAME)";
				SWIFT_EMIT_LOC_STRINGS = YES;
				SWIFT_VERSION = 5.0;
				TARGETED_DEVICE_FAMILY = "1,2";
			};
			name = Debug;
		};
		CA57A2DD27E4BA28003A87D2 /* Release */ = {
			isa = XCBuildConfiguration;
			buildSettings = {
				ASSETCATALOG_COMPILER_APPICON_NAME = AppIcon;
				ASSETCATALOG_COMPILER_GLOBAL_ACCENT_COLOR_NAME = AccentColor;
				CODE_SIGN_STYLE = Automatic;
				CURRENT_PROJECT_VERSION = 1;
				DEVELOPMENT_ASSET_PATHS = "\"SwiiftUITutorials/Preview Content\"";
				DEVELOPMENT_TEAM = 35GDF55MYT;
				ENABLE_PREVIEWS = YES;
				GENERATE_INFOPLIST_FILE = YES;
				INFOPLIST_KEY_UIApplicationSceneManifest_Generation = YES;
				INFOPLIST_KEY_UIApplicationSupportsIndirectInputEvents = YES;
				INFOPLIST_KEY_UILaunchScreen_Generation = YES;
				INFOPLIST_KEY_UISupportedInterfaceOrientations_iPad = "UIInterfaceOrientationPortrait UIInterfaceOrientationPortraitUpsideDown UIInterfaceOrientationLandscapeLeft UIInterfaceOrientationLandscapeRight";
				INFOPLIST_KEY_UISupportedInterfaceOrientations_iPhone = "UIInterfaceOrientationPortrait UIInterfaceOrientationLandscapeLeft UIInterfaceOrientationLandscapeRight";
				LD_RUNPATH_SEARCH_PATHS = (
					"$(inherited)",
					"@executable_path/Frameworks",
				);
				MARKETING_VERSION = 1.0;
				PRODUCT_BUNDLE_IDENTIFIER = com.alirizareisoglu.SwiiftUITutorials;
				PRODUCT_NAME = "$(TARGET_NAME)";
				SWIFT_EMIT_LOC_STRINGS = YES;
				SWIFT_VERSION = 5.0;
				TARGETED_DEVICE_FAMILY = "1,2";
			};
			name = Release;
		};
/* End XCBuildConfiguration section */

/* Begin XCConfigurationList section */
		CA57A2C827E4BA26003A87D2 /* Build configuration list for PBXProject "SwiiftUITutorials" */ = {
			isa = XCConfigurationList;
			buildConfigurations = (
				CA57A2D927E4BA28003A87D2 /* Debug */,
				CA57A2DA27E4BA28003A87D2 /* Release */,
			);
			defaultConfigurationIsVisible = 0;
			defaultConfigurationName = Release;
		};
		CA57A2DB27E4BA28003A87D2 /* Build configuration list for PBXNativeTarget "SwiiftUITutorials" */ = {
			isa = XCConfigurationList;
			buildConfigurations = (
				CA57A2DC27E4BA28003A87D2 /* Debug */,
				CA57A2DD27E4BA28003A87D2 /* Release */,
			);
			defaultConfigurationIsVisible = 0;
			defaultConfigurationName = Release;
		};
/* End XCConfigurationList section */

/* Begin XCRemoteSwiftPackageReference section */
		CA12889B28475E3A00433B55 /* XCRemoteSwiftPackageReference "swift-log" */ = {
			isa = XCRemoteSwiftPackageReference;
			repositoryURL = "https://github.com/apple/swift-log.git";
			requirement = {
				kind = upToNextMajorVersion;
				minimumVersion = 1.0.0;
			};
		};
		CAB329A7283B6AF500A1C1B9 /* XCRemoteSwiftPackageReference "Alamofire" */ = {
			isa = XCRemoteSwiftPackageReference;
			repositoryURL = "https://github.com/Alamofire/Alamofire.git";
			requirement = {
				kind = upToNextMajorVersion;
				minimumVersion = 5.0.0;
			};
		};
		CAB329AC283B71A700A1C1B9 /* XCRemoteSwiftPackageReference "ActivityIndicatorView" */ = {
			isa = XCRemoteSwiftPackageReference;
			repositoryURL = "https://github.com/exyte/ActivityIndicatorView.git";
			requirement = {
				kind = upToNextMajorVersion;
				minimumVersion = 1.0.0;
			};
		};
		CAE9B22727EB511200FE0DAD /* XCRemoteSwiftPackageReference "Kingfisher" */ = {
			isa = XCRemoteSwiftPackageReference;
			repositoryURL = "https://github.com/onevcat/Kingfisher.git";
			requirement = {
				kind = upToNextMajorVersion;
				minimumVersion = 7.0.0;
			};
		};
/* End XCRemoteSwiftPackageReference section */

/* Begin XCSwiftPackageProductDependency section */
		CA12889C28475E3A00433B55 /* Logging */ = {
			isa = XCSwiftPackageProductDependency;
			package = CA12889B28475E3A00433B55 /* XCRemoteSwiftPackageReference "swift-log" */;
			productName = Logging;
		};
		CAB329A8283B6AF500A1C1B9 /* Alamofire */ = {
			isa = XCSwiftPackageProductDependency;
			package = CAB329A7283B6AF500A1C1B9 /* XCRemoteSwiftPackageReference "Alamofire" */;
			productName = Alamofire;
		};
		CAB329AD283B71A700A1C1B9 /* ActivityIndicatorView */ = {
			isa = XCSwiftPackageProductDependency;
			package = CAB329AC283B71A700A1C1B9 /* XCRemoteSwiftPackageReference "ActivityIndicatorView" */;
			productName = ActivityIndicatorView;
		};
		CAE9B22827EB511200FE0DAD /* Kingfisher */ = {
			isa = XCSwiftPackageProductDependency;
			package = CAE9B22727EB511200FE0DAD /* XCRemoteSwiftPackageReference "Kingfisher" */;
			productName = Kingfisher;
		};
/* End XCSwiftPackageProductDependency section */
	};
	rootObject = CA57A2C527E4BA26003A87D2 /* Project object */;
}
